
Microsoft Visual Studio Solution File, Format Version 12.00
# Visual Studio Version 17
VisualStudioVersion = 17.9.34622.214
MinimumVisualStudioVersion = 10.0.40219.1
Project("{9A19103F-16F7-4668-BE54-9A1E7A4F7556}") = "Libertese.Web", "Libertese.Web\Libertese.Web.csproj", "{B1F2AEA8-976D-488B-931F-6FCAF21B2A3A}"
EndProject
Project("{9A19103F-16F7-4668-BE54-9A1E7A4F7556}") = "Libertese.Domain", "Libertese.Domain\Libertese.Domain.csproj", "{F4382382-6E08-40D8-9501-2AFF14326E1D}"
EndProject
Project("{9A19103F-16F7-4668-BE54-9A1E7A4F7556}") = "Libertese.Data", "Libertese.Data\Libertese.Data.csproj", "{71C1492F-6AF0-4EB5-846D-3FDF6348D879}"
EndProject
Global
	GlobalSection(SolutionConfigurationPlatforms) = preSolution
		Debug|Any CPU = Debug|Any CPU
		Release|Any CPU = Release|Any CPU
	EndGlobalSection
	GlobalSection(ProjectConfigurationPlatforms) = postSolution
		{B1F2AEA8-976D-488B-931F-6FCAF21B2A3A}.Debug|Any CPU.ActiveCfg = Debug|Any CPU
		{B1F2AEA8-976D-488B-931F-6FCAF21B2A3A}.Debug|Any CPU.Build.0 = Debug|Any CPU
		{B1F2AEA8-976D-488B-931F-6FCAF21B2A3A}.Release|Any CPU.ActiveCfg = Release|Any CPU
		{B1F2AEA8-976D-488B-931F-6FCAF21B2A3A}.Release|Any CPU.Build.0 = Release|Any CPU
		{F4382382-6E08-40D8-9501-2AFF14326E1D}.Debug|Any CPU.ActiveCfg = Debug|Any CPU
		{F4382382-6E08-40D8-9501-2AFF14326E1D}.Debug|Any CPU.Build.0 = Debug|Any CPU
		{F4382382-6E08-40D8-9501-2AFF14326E1D}.Release|Any CPU.ActiveCfg = Release|Any CPU
		{F4382382-6E08-40D8-9501-2AFF14326E1D}.Release|Any CPU.Build.0 = Release|Any CPU
		{71C1492F-6AF0-4EB5-846D-3FDF6348D879}.Debug|Any CPU.ActiveCfg = Debug|Any CPU
		{71C1492F-6AF0-4EB5-846D-3FDF6348D879}.Debug|Any CPU.Build.0 = Debug|Any CPU
		{71C1492F-6AF0-4EB5-846D-3FDF6348D879}.Release|Any CPU.ActiveCfg = Release|Any CPU
		{71C1492F-6AF0-4EB5-846D-3FDF6348D879}.Release|Any CPU.Build.0 = Release|Any CPU
	EndGlobalSection
	GlobalSection(SolutionProperties) = preSolution
		HideSolutionNode = FALSE
	EndGlobalSection
	GlobalSection(ExtensibilityGlobals) = postSolution
		SolutionGuid = {4E415713-8E21-4A76-9FAB-F2F421AD0F6E}
	EndGlobalSection
EndGlobal
